
Microsoft Visual Studio Solution File, Format Version 12.00
# Visual Studio Version 17
VisualStudioVersion = 17.13.35806.99 d17.13
MinimumVisualStudioVersion = 10.0.40219.1
Project("{F184B08F-C81C-45F6-A57F-5ABD9991F28F}") = "pawsitive3", "pawsitive3\pawsitive3.vbproj", "{097876FB-EF93-474E-BB9F-C189FEAC6873}"
EndProject
Global
	GlobalSection(SolutionConfigurationPlatforms) = preSolution
		Debug|Any CPU = Debug|Any CPU
		Release|Any CPU = Release|Any CPU
	EndGlobalSection
	GlobalSection(ProjectConfigurationPlatforms) = postSolution
		{097876FB-EF93-474E-BB9F-C189FEAC6873}.Debug|Any CPU.ActiveCfg = Debug|Any CPU
		{097876FB-EF93-474E-BB9F-C189FEAC6873}.Debug|Any CPU.Build.0 = Debug|Any CPU
		{097876FB-EF93-474E-BB9F-C189FEAC6873}.Release|Any CPU.ActiveCfg = Release|Any CPU
		{097876FB-EF93-474E-BB9F-C189FEAC6873}.Release|Any CPU.Build.0 = Release|Any CPU
	EndGlobalSection
	GlobalSection(SolutionProperties) = preSolution
		HideSolutionNode = FALSE
	EndGlobalSection
	GlobalSection(ExtensibilityGlobals) = postSolution
		SolutionGuid = {BF7F59FF-981C-46A2-B766-C01128B4AEB5}
	EndGlobalSection
EndGlobal
